
Microsoft Visual Studio Solution File, Format Version 12.00
# Visual Studio Version 17
VisualStudioVersion = 17.7.34024.191
MinimumVisualStudioVersion = 10.0.40219.1
Project("{FAE04EC0-301F-11D3-BF4B-00C04F79EFBC}") = "OfCode.Bootstrapper", "src\Bootstrapper\OfCode.Bootstrapper\OfCode.Bootstrapper.csproj", "{94EA9997-5D18-4E1F-BA8D-211C412DFC38}"
EndProject
Global
	GlobalSection(SolutionConfigurationPlatforms) = preSolution
		Debug|Any CPU = Debug|Any CPU
		Release|Any CPU = Release|Any CPU
	EndGlobalSection
	GlobalSection(ProjectConfigurationPlatforms) = postSolution
		{94EA9997-5D18-4E1F-BA8D-211C412DFC38}.Debug|Any CPU.ActiveCfg = Debug|Any CPU
		{94EA9997-5D18-4E1F-BA8D-211C412DFC38}.Debug|Any CPU.Build.0 = Debug|Any CPU
		{94EA9997-5D18-4E1F-BA8D-211C412DFC38}.Release|Any CPU.ActiveCfg = Release|Any CPU
		{94EA9997-5D18-4E1F-BA8D-211C412DFC38}.Release|Any CPU.Build.0 = Release|Any CPU
	EndGlobalSection
	GlobalSection(SolutionProperties) = preSolution
		HideSolutionNode = FALSE
	EndGlobalSection
	GlobalSection(ExtensibilityGlobals) = postSolution
		SolutionGuid = {C268B2FB-A411-42F6-A1B6-90DEE0D452C5}
	EndGlobalSection
EndGlobal
