
Microsoft Visual Studio Solution File, Format Version 12.00
# Visual Studio Version 17
VisualStudioVersion = 17.0.31903.59
MinimumVisualStudioVersion = 10.0.40219.1
Project("{2150E333-8FDC-42A3-9474-1A3956D46DE8}") = "src", "src", "{93FA4F31-72F7-4B85-A7E7-C83AE5F807D4}"
EndProject
Project("{2150E333-8FDC-42A3-9474-1A3956D46DE8}") = "Bootstrapper", "Bootstrapper", "{93DF3A84-40BF-4C31-9CE5-762CFCFBC3D8}"
EndProject
Project("{FAE04EC0-301F-11D3-BF4B-00C04F79EFBC}") = "OfCode.Bootstrapper", "src\Bootstrapper\OfCode.Bootstrapper\OfCode.Bootstrapper.csproj", "{F884AAB8-C382-4D0D-AE30-0A19E108824F}"
EndProject
Project("{2150E333-8FDC-42A3-9474-1A3956D46DE8}") = "Modules", "Modules", "{D5C2A74A-9DB3-422F-A21D-C52A7E3B6969}"
EndProject
Project("{2150E333-8FDC-42A3-9474-1A3956D46DE8}") = "Users", "Users", "{32C78075-2F27-4A53-96E7-DE02638AA5D6}"
EndProject
Project("{FAE04EC0-301F-11D3-BF4B-00C04F79EFBC}") = "OfCode.Users.Application", "src\Modules\Users\OfCode.Users.Application\OfCode.Users.Application.csproj", "{5023A4C7-88C1-4299-AE70-DEE855E2FCCC}"
EndProject
Project("{FAE04EC0-301F-11D3-BF4B-00C04F79EFBC}") = "OfCode.Users.Api", "src\Modules\Users\OfCode.Users.Api\OfCode.Users.Api.csproj", "{CD78C468-85D3-4886-A5A6-7898B493A911}"
EndProject
Project("{FAE04EC0-301F-11D3-BF4B-00C04F79EFBC}") = "OfCode.Users.Infrastructure", "src\Modules\Users\OfCode.Users.Infrastructure\OfCode.Users.Infrastructure.csproj", "{BA1D821B-80BA-4667-B8FF-CCDABD59D150}"
EndProject
Project("{FAE04EC0-301F-11D3-BF4B-00C04F79EFBC}") = "OfCode.Users.Domain", "src\Modules\Users\OfCode.Users.Domain\OfCode.Users.Domain.csproj", "{99B12A1F-5874-4810-90A4-64B3E8DDCF61}"
EndProject
Global
	GlobalSection(SolutionConfigurationPlatforms) = preSolution
		Debug|Any CPU = Debug|Any CPU
		Release|Any CPU = Release|Any CPU
	EndGlobalSection
	GlobalSection(SolutionProperties) = preSolution
		HideSolutionNode = FALSE
	EndGlobalSection
	GlobalSection(ProjectConfigurationPlatforms) = postSolution
		{F884AAB8-C382-4D0D-AE30-0A19E108824F}.Debug|Any CPU.ActiveCfg = Debug|Any CPU
		{F884AAB8-C382-4D0D-AE30-0A19E108824F}.Debug|Any CPU.Build.0 = Debug|Any CPU
		{F884AAB8-C382-4D0D-AE30-0A19E108824F}.Release|Any CPU.ActiveCfg = Release|Any CPU
		{F884AAB8-C382-4D0D-AE30-0A19E108824F}.Release|Any CPU.Build.0 = Release|Any CPU
		{5023A4C7-88C1-4299-AE70-DEE855E2FCCC}.Debug|Any CPU.ActiveCfg = Debug|Any CPU
		{5023A4C7-88C1-4299-AE70-DEE855E2FCCC}.Debug|Any CPU.Build.0 = Debug|Any CPU
		{5023A4C7-88C1-4299-AE70-DEE855E2FCCC}.Release|Any CPU.ActiveCfg = Release|Any CPU
		{5023A4C7-88C1-4299-AE70-DEE855E2FCCC}.Release|Any CPU.Build.0 = Release|Any CPU
		{CD78C468-85D3-4886-A5A6-7898B493A911}.Debug|Any CPU.ActiveCfg = Debug|Any CPU
		{CD78C468-85D3-4886-A5A6-7898B493A911}.Debug|Any CPU.Build.0 = Debug|Any CPU
		{CD78C468-85D3-4886-A5A6-7898B493A911}.Release|Any CPU.ActiveCfg = Release|Any CPU
		{CD78C468-85D3-4886-A5A6-7898B493A911}.Release|Any CPU.Build.0 = Release|Any CPU
		{BA1D821B-80BA-4667-B8FF-CCDABD59D150}.Debug|Any CPU.ActiveCfg = Debug|Any CPU
		{BA1D821B-80BA-4667-B8FF-CCDABD59D150}.Debug|Any CPU.Build.0 = Debug|Any CPU
		{BA1D821B-80BA-4667-B8FF-CCDABD59D150}.Release|Any CPU.ActiveCfg = Release|Any CPU
		{BA1D821B-80BA-4667-B8FF-CCDABD59D150}.Release|Any CPU.Build.0 = Release|Any CPU
		{99B12A1F-5874-4810-90A4-64B3E8DDCF61}.Debug|Any CPU.ActiveCfg = Debug|Any CPU
		{99B12A1F-5874-4810-90A4-64B3E8DDCF61}.Debug|Any CPU.Build.0 = Debug|Any CPU
		{99B12A1F-5874-4810-90A4-64B3E8DDCF61}.Release|Any CPU.ActiveCfg = Release|Any CPU
		{99B12A1F-5874-4810-90A4-64B3E8DDCF61}.Release|Any CPU.Build.0 = Release|Any CPU
	EndGlobalSection
	GlobalSection(NestedProjects) = preSolution
		{93DF3A84-40BF-4C31-9CE5-762CFCFBC3D8} = {93FA4F31-72F7-4B85-A7E7-C83AE5F807D4}
		{F884AAB8-C382-4D0D-AE30-0A19E108824F} = {93DF3A84-40BF-4C31-9CE5-762CFCFBC3D8}
		{D5C2A74A-9DB3-422F-A21D-C52A7E3B6969} = {93FA4F31-72F7-4B85-A7E7-C83AE5F807D4}
		{32C78075-2F27-4A53-96E7-DE02638AA5D6} = {D5C2A74A-9DB3-422F-A21D-C52A7E3B6969}
		{5023A4C7-88C1-4299-AE70-DEE855E2FCCC} = {32C78075-2F27-4A53-96E7-DE02638AA5D6}
		{CD78C468-85D3-4886-A5A6-7898B493A911} = {32C78075-2F27-4A53-96E7-DE02638AA5D6}
		{BA1D821B-80BA-4667-B8FF-CCDABD59D150} = {32C78075-2F27-4A53-96E7-DE02638AA5D6}
		{99B12A1F-5874-4810-90A4-64B3E8DDCF61} = {32C78075-2F27-4A53-96E7-DE02638AA5D6}
	EndGlobalSection
EndGlobal
